{
  "name": "signal",
  "lockfileVersion": 3,
  "requires": true,
  "packages": {
    "": {
      "devDependencies": {
        "@secretlint/secretlint-rule-aws": "^11.3.1",
        "@secretlint/secretlint-rule-basicauth": "^11.3.1",
        "@secretlint/secretlint-rule-database-connection-string": "^11.3.1",
        "@secretlint/secretlint-rule-gcp": "^11.3.1",
        "@secretlint/secretlint-rule-github": "^11.3.1",
        "@secretlint/secretlint-rule-no-dotenv": "^11.3.1",
        "@secretlint/secretlint-rule-no-homedir": "^11.3.1",
        "@secretlint/secretlint-rule-npm": "^11.3.1",
        "@secretlint/secretlint-rule-openai": "^11.3.1",
        "@secretlint/secretlint-rule-pattern": "^11.3.1",
        "@secretlint/secretlint-rule-privatekey": "^11.3.1",
        "@secretlint/secretlint-rule-secp256k1-privatekey": "^11.3.1",
        "prettier": "^3.8.1",
        "prettier-plugin-sh": "^0.18.0"
      }
    },
    "node_modules/@reteps/dockerfmt": {
      "version": "0.3.6",
      "resolved": "https://registry.npmjs.org/@reteps/dockerfmt/-/dockerfmt-0.3.6.tgz",
      "integrity": "sha512-Tb5wIMvBf/nLejTQ61krK644/CEMB/cpiaIFXqGApfGqO3GwcR3qnI0DbmkFVCl2OyEp8LnLX3EkucoL0+tbFg==",
      "dev": true,
      "license": "MIT",
      "engines": {
        "node": "^v12.20.0 || ^14.13.0 || >=16.0.0"
      }
    },
    "node_modules/@secretlint/config-loader": {
      "version": "11.3.1",
      "resolved": "https://registry.npmjs.org/@secretlint/config-loader/-/config-loader-11.3.1.tgz",
      "integrity": "sha512-WPB3tLebNjd6nkRwWf9l6DHc7gr74J9wAneLxsg1bYZrcAsw/gU0D3SeLtqgHwQUyyvt3vLRKKrTHe1mw7i4YQ==",
      "dev": true,
      "license": "MIT",
      "dependencies": {
        "@secretlint/profiler": "11.3.1",
        "@secretlint/resolver": "11.3.1",
        "@secretlint/types": "11.3.1",
        "ajv": "^8.17.1",
        "debug": "^4.4.3",
        "rc-config-loader": "^4.1.3"
      },
      "engines": {
        "node": ">=20.0.0"
      }
    },
    "node_modules/@secretlint/core": {
      "version": "11.3.1",
      "resolved": "https://registry.npmjs.org/@secretlint/core/-/core-11.3.1.tgz",
      "integrity": "sha512-iGPtWlBI0J17Exe92JztsxyvjYroMg89B6Qw8Rf2fhRb2CBlo6BO1V32Y6TDMCXpqwof9NkBXEiOIIeSgCRLKw==",
      "dev": true,
      "license": "MIT",
      "dependencies": {
        "@secretlint/profiler": "11.3.1",
        "@secretlint/types": "11.3.1",
        "debug": "^4.4.3",
        "structured-source": "^4.0.0"
      },
      "engines": {
        "node": ">=20.0.0"
      }
    },
    "node_modules/@secretlint/profiler": {
      "version": "11.3.1",
      "resolved": "https://registry.npmjs.org/@secretlint/profiler/-/profiler-11.3.1.tgz",
      "integrity": "sha512-V7Qyzs++M9Z2Ox1wCMaYMGmdGpZxQcie0FjnFIS8y68sKK1n7LmJJ+uGNegWobx1KZOYnRxhefOm9gbq1Td+GQ==",
      "dev": true,
      "license": "MIT"
    },
    "node_modules/@secretlint/resolver": {
      "version": "11.3.1",
      "resolved": "https://registry.npmjs.org/@secretlint/resolver/-/resolver-11.3.1.tgz",
      "integrity": "sha512-+bGKntF0wXyPyhFe4wxPk3mxKLHE0sQVeF4FwOH2uFKUzXZJxF9NwISYWAmCzyzAxZbjBDjcpJAEtB2492ohbg==",
      "dev": true,
      "license": "MIT"
    },
    "node_modules/@secretlint/secretlint-rule-aws": {
      "version": "11.3.1",
      "resolved": "https://registry.npmjs.org/@secretlint/secretlint-rule-aws/-/secretlint-rule-aws-11.3.1.tgz",
      "integrity": "sha512-JHhY1UyvlBtxI6Qogy+u9PSDDDgkZaNkPwcaj0UwA0X1tpfgiT1hgZpVTNDZb6mpnYq8ip/AmHbGsvTzGGu7rw==",
      "dev": true,
      "license": "MIT",
      "dependencies": {
        "@secretlint/types": "11.3.1",
        "@textlint/regexp-string-matcher": "^2.0.2"
      },
      "engines": {
        "node": ">=20.0.0"
      }
    },
    "node_modules/@secretlint/secretlint-rule-basicauth": {
      "version": "11.3.1",
      "resolved": "https://registry.npmjs.org/@secretlint/secretlint-rule-basicauth/-/secretlint-rule-basicauth-11.3.1.tgz",
      "integrity": "sha512-jWJiZfl60LJ6uE+LntSZTvEXH5MAVTS72kZBfzuNm9xQ+2ikQu/vonDjhdPzC05U3ARJ89oRo4ECNkXEetxH+w==",
      "dev": true,
      "license": "MIT",
      "dependencies": {
        "@secretlint/types": "11.3.1",
        "@textlint/regexp-string-matcher": "^2.0.2"
      },
      "engines": {
        "node": ">=20.0.0"
      }
    },
    "node_modules/@secretlint/secretlint-rule-database-connection-string": {
      "version": "11.3.1",
      "resolved": "https://registry.npmjs.org/@secretlint/secretlint-rule-database-connection-string/-/secretlint-rule-database-connection-string-11.3.1.tgz",
      "integrity": "sha512-R21uTpKSiQcQ9TjlbV4uXFzQpl0GzQ2iX5i4mW0YyqWq/vBXSgzZTzlUeLLlJyV0jWz2S84C2DVW7yYPoEMp4A==",
      "dev": true,
      "license": "MIT",
      "dependencies": {
        "@secretlint/types": "11.3.1",
        "@textlint/regexp-string-matcher": "^2.0.2"
      },
      "engines": {
        "node": ">=20.0.0"
      }
    },
    "node_modules/@secretlint/secretlint-rule-gcp": {
      "version": "11.3.1",
      "resolved": "https://registry.npmjs.org/@secretlint/secretlint-rule-gcp/-/secretlint-rule-gcp-11.3.1.tgz",
      "integrity": "sha512-r4su8PmgcqFTbtjQdHaQ9b7uNeCcQ9hoFv4ElkUYoLF+gTqJriuY9bSyt9ADZmNK9dT8pl218bVkiCrVfK2T1w==",
      "dev": true,
      "license": "MIT",
      "dependencies": {
        "@secretlint/types": "11.3.1",
        "@textlint/regexp-string-matcher": "^2.0.2",
        "node-forge": "^1.3.3"
      },
      "engines": {
        "node": ">=20.0.0"
      }
    },
    "node_modules/@secretlint/secretlint-rule-github": {
      "version": "11.3.1",
      "resolved": "https://registry.npmjs.org/@secretlint/secretlint-rule-github/-/secretlint-rule-github-11.3.1.tgz",
      "integrity": "sha512-MDBjr4bOnONBYCfetkuRJZcD2ND4Cov3aRkM+Nls4H897IbrwTxQH7h4UIxQs+/JojPiA4OB5bRv5vjKp2ATGA==",
      "dev": true,
      "license": "MIT",
      "dependencies": {
        "@secretlint/types": "11.3.1",
        "@textlint/regexp-string-matcher": "^2.0.2"
      },
      "engines": {
        "node": ">=20.0.0"
      }
    },
    "node_modules/@secretlint/secretlint-rule-no-dotenv": {
      "version": "11.3.1",
      "resolved": "https://registry.npmjs.org/@secretlint/secretlint-rule-no-dotenv/-/secretlint-rule-no-dotenv-11.3.1.tgz",
      "integrity": "sha512-PdJntfanRaDXQ1xfaHF2Z1zZQkSOklF54J4jSY58tNFhG5nT+XHqhCT4NfbwCK5+YqFtfizRDqKdO3ndL+4rmQ==",
      "dev": true,
      "license": "MIT",
      "dependencies": {
        "@secretlint/types": "11.3.1"
      },
      "engines": {
        "node": ">=20.0.0"
      }
    },
    "node_modules/@secretlint/secretlint-rule-no-homedir": {
      "version": "11.3.1",
      "resolved": "https://registry.npmjs.org/@secretlint/secretlint-rule-no-homedir/-/secretlint-rule-no-homedir-11.3.1.tgz",
      "integrity": "sha512-ZU4O4YHgGuqj4HoGCjAp0yziXrt4yB9lYwpKRenF/D5yfyIiCcLc+jqrcCVQiyuaf4Dve+jYVtA7TeBUvjBagg==",
      "dev": true,
      "license": "MIT",
      "dependencies": {
        "@secretlint/types": "11.3.1",
        "@textlint/regexp-string-matcher": "^2.0.2",
        "escape-string-regexp": "^5.0.0"
      },
      "engines": {
        "node": ">=20.0.0"
      }
    },
    "node_modules/@secretlint/secretlint-rule-npm": {
      "version": "11.3.1",
      "resolved": "https://registry.npmjs.org/@secretlint/secretlint-rule-npm/-/secretlint-rule-npm-11.3.1.tgz",
      "integrity": "sha512-pw7pXlx93gAj3KiGOWFATah88cD4rK++qzhD9Syzdz/xMTSKlgBmZ8kdhfLyxZPrkgm38x4vpxVgdY8dPBgjOQ==",
      "dev": true,
      "license": "MIT",
      "dependencies": {
        "@secretlint/types": "11.3.1",
        "@textlint/regexp-string-matcher": "^2.0.2"
      },
      "engines": {
        "node": ">=20.0.0"
      }
    },
    "node_modules/@secretlint/secretlint-rule-openai": {
      "version": "11.3.1",
      "resolved": "https://registry.npmjs.org/@secretlint/secretlint-rule-openai/-/secretlint-rule-openai-11.3.1.tgz",
      "integrity": "sha512-ZvG8Igq9f+ls20fiS7thYMO4zDQ5K117N7JDN9b11hpvVEdxzlU58y4HV1xY3a8Qpp2f8BpmdeliOsZn1pd26A==",
      "dev": true,
      "license": "MIT",
      "dependencies": {
        "@secretlint/types": "11.3.1"
      },
      "engines": {
        "node": ">=20.0.0"
      }
    },
    "node_modules/@secretlint/secretlint-rule-pattern": {
      "version": "11.3.1",
      "resolved": "https://registry.npmjs.org/@secretlint/secretlint-rule-pattern/-/secretlint-rule-pattern-11.3.1.tgz",
      "integrity": "sha512-Y83jn+KoazMu6t9xC3X9CpIqSLDKlALVDaDnHz46CIR9ZulaH1p/3T8vVt4c5luaWSf5eNZK644wGpITWIPHWw==",
      "dev": true,
      "license": "MIT",
      "dependencies": {
        "@secretlint/tester": "11.3.1",
        "@secretlint/types": "11.3.1",
        "@textlint/regexp-string-matcher": "^2.0.2",
        "micromatch": "^4.0.8"
      },
      "engines": {
        "node": ">=20.0.0"
      }
    },
    "node_modules/@secretlint/secretlint-rule-privatekey": {
      "version": "11.3.1",
      "resolved": "https://registry.npmjs.org/@secretlint/secretlint-rule-privatekey/-/secretlint-rule-privatekey-11.3.1.tgz",
      "integrity": "sha512-+xpYxn8kj5I8x3kCgAsSug+Ni+tn2mE86ZHSYajqkHYJqN0V4wRzWjaMcr7y3vMC/kCSQZUvpKLrgyM7fcGmUg==",
      "dev": true,
      "license": "MIT",
      "dependencies": {
        "@textlint/regexp-string-matcher": "^2.0.2"
      },
      "engines": {
        "node": ">=20.0.0"
      }
    },
    "node_modules/@secretlint/secretlint-rule-secp256k1-privatekey": {
      "version": "11.3.1",
      "resolved": "https://registry.npmjs.org/@secretlint/secretlint-rule-secp256k1-privatekey/-/secretlint-rule-secp256k1-privatekey-11.3.1.tgz",
      "integrity": "sha512-dKh6SA0QU+uAFILEnJOldOIv8PY+KEMtPdT4k6LUWASVWgOCmFlPyaaYdbqaYzL9osgT2gPSd+9VGyp8Q7qP2g==",
      "dev": true,
      "license": "MIT",
      "dependencies": {
        "@secretlint/types": "11.3.1",
        "@types/bn.js": "^5.2.0",
        "@types/secp256k1": "^4.0.7",
        "bn.js": "^5.2.2",
        "secp256k1": "^5.0.1"
      },
      "engines": {
        "node": ">=20.0.0"
      }
    },
    "node_modules/@secretlint/source-creator": {
      "version": "11.3.1",
      "resolved": "https://registry.npmjs.org/@secretlint/source-creator/-/source-creator-11.3.1.tgz",
      "integrity": "sha512-Y0AAUawmoP+94ot3lZmXyHOmw1FJvgcCV9Yvy/9ynjsvwVEojea4in4zA06V8uZtBtTaNXqFZ7v+rt3ytoa07A==",
      "dev": true,
      "license": "MIT",
      "dependencies": {
        "@secretlint/types": "11.3.1",
        "istextorbinary": "^9.5.0"
      },
      "engines": {
        "node": ">=20.0.0"
      }
    },
    "node_modules/@secretlint/tester": {
      "version": "11.3.1",
      "resolved": "https://registry.npmjs.org/@secretlint/tester/-/tester-11.3.1.tgz",
      "integrity": "sha512-Iq1XXAkR3QCtNOwk5mY6nWJidz5ci9z2nJsv+4HACzMlm6eXYCWMjbDhKtX+NWOxFjPB7JLSeF6goyAfXNKISA==",
      "dev": true,
      "license": "MIT",
      "dependencies": {
        "@secretlint/config-loader": "11.3.1",
        "@secretlint/core": "11.3.1",
        "@secretlint/source-creator": "11.3.1",
        "@secretlint/types": "11.3.1"
      },
      "engines": {
        "node": ">=20.0.0"
      }
    },
    "node_modules/@secretlint/types": {
      "version": "11.3.1",
      "resolved": "https://registry.npmjs.org/@secretlint/types/-/types-11.3.1.tgz",
      "integrity": "sha512-6PU7JLivE6Swavrw1TxiPVbvk1Nafihm+v6hNpsEAt7raLlazoFXFK/O8YeSEK15u+4oofSBqwipy81HAbLnlg==",
      "dev": true,
      "license": "MIT",
      "engines": {
        "node": ">=20.0.0"
      }
    },
    "node_modules/@textlint/regexp-string-matcher": {
      "version": "2.0.2",
      "resolved": "https://registry.npmjs.org/@textlint/regexp-string-matcher/-/regexp-string-matcher-2.0.2.tgz",
      "integrity": "sha512-OXLD9XRxMhd3S0LWuPHpiARQOI7z9tCOs0FsynccW2lmyZzHHFJ9/eR6kuK9xF459Qf+740qI5h+/0cx+NljzA==",
      "dev": true,
      "license": "MIT",
      "dependencies": {
        "escape-string-regexp": "^4.0.0",
        "lodash.sortby": "^4.7.0",
        "lodash.uniq": "^4.5.0",
        "lodash.uniqwith": "^4.5.0"
      }
    },
    "node_modules/@textlint/regexp-string-matcher/node_modules/escape-string-regexp": {
      "version": "4.0.0",
      "resolved": "https://registry.npmjs.org/escape-string-regexp/-/escape-string-regexp-4.0.0.tgz",
      "integrity": "sha512-TtpcNJ3XAzx3Gq8sWRzJaVajRs0uVxA2YAkdb1jm2YkPz4G6egUFAyA3n5vtEIZefPk5Wa4UXbKuS5fKkJWdgA==",
      "dev": true,
      "license": "MIT",
      "engines": {
        "node": ">=10"
      },
      "funding": {
        "url": "https://github.com/sponsors/sindresorhus"
      }
    },
    "node_modules/@types/bn.js": {
      "version": "5.2.0",
      "resolved": "https://registry.npmjs.org/@types/bn.js/-/bn.js-5.2.0.tgz",
      "integrity": "sha512-DLbJ1BPqxvQhIGbeu8VbUC1DiAiahHtAYvA0ZEAa4P31F7IaArc8z3C3BRQdWX4mtLQuABG4yzp76ZrS02Ui1Q==",
      "dev": true,
      "license": "MIT",
      "dependencies": {
        "@types/node": "*"
      }
    },
    "node_modules/@types/node": {
      "version": "25.2.3",
      "resolved": "https://registry.npmjs.org/@types/node/-/node-25.2.3.tgz",
      "integrity": "sha512-m0jEgYlYz+mDJZ2+F4v8D1AyQb+QzsNqRuI7xg1VQX/KlKS0qT9r1Mo16yo5F/MtifXFgaofIFsdFMox2SxIbQ==",
      "dev": true,
      "license": "MIT",
      "dependencies": {
        "undici-types": "~7.16.0"
      }
    },
    "node_modules/@types/secp256k1": {
      "version": "4.0.7",
      "resolved": "https://registry.npmjs.org/@types/secp256k1/-/secp256k1-4.0.7.tgz",
      "integrity": "sha512-Rcvjl6vARGAKRO6jHeKMatGrvOMGrR/AR11N1x2LqintPCyDZ7NBhrh238Z2VZc7aM7KIwnFpFQ7fnfK4H/9Qw==",
      "dev": true,
      "license": "MIT",
      "dependencies": {
        "@types/node": "*"
      }
    },
    "node_modules/ajv": {
      "version": "8.17.1",
      "resolved": "https://registry.npmjs.org/ajv/-/ajv-8.17.1.tgz",
      "integrity": "sha512-B/gBuNg5SiMTrPkC+A2+cW0RszwxYmn6VYxB/inlBStS5nx6xHIt/ehKRhIMhqusl7a8LjQoZnjCs5vhwxOQ1g==",
      "dev": true,
      "license": "MIT",
      "dependencies": {
        "fast-deep-equal": "^3.1.3",
        "fast-uri": "^3.0.1",
        "json-schema-traverse": "^1.0.0",
        "require-from-string": "^2.0.2"
      },
      "funding": {
        "type": "github",
        "url": "https://github.com/sponsors/epoberezkin"
      }
    },
    "node_modules/argparse": {
      "version": "2.0.1",
      "resolved": "https://registry.npmjs.org/argparse/-/argparse-2.0.1.tgz",
      "integrity": "sha512-8+9WqebbFzpX9OR+Wa6O29asIogeRMzcGtAINdpMHHyAg10f05aSFVBbcEqGf/PXw1EjAZ+q2/bEBg3DvurK3Q==",
      "dev": true,
      "license": "Python-2.0"
    },
    "node_modules/binaryextensions": {
      "version": "6.11.0",
      "resolved": "https://registry.npmjs.org/binaryextensions/-/binaryextensions-6.11.0.tgz",
      "integrity": "sha512-sXnYK/Ij80TO3lcqZVV2YgfKN5QjUWIRk/XSm2J/4bd/lPko3lvk0O4ZppH6m+6hB2/GTu+ptNwVFe1xh+QLQw==",
      "dev": true,
      "license": "Artistic-2.0",
      "dependencies": {
        "editions": "^6.21.0"
      },
      "engines": {
        "node": ">=4"
      },
      "funding": {
        "url": "https://bevry.me/fund"
      }
    },
    "node_modules/bn.js": {
      "version": "5.2.2",
      "resolved": "https://registry.npmjs.org/bn.js/-/bn.js-5.2.2.tgz",
      "integrity": "sha512-v2YAxEmKaBLahNwE1mjp4WON6huMNeuDvagFZW+ASCuA/ku0bXR9hSMw0XpiqMoA3+rmnyck/tPRSFQkoC9Cuw==",
      "dev": true,
      "license": "MIT"
    },
    "node_modules/boundary": {
      "version": "2.0.0",
      "resolved": "https://registry.npmjs.org/boundary/-/boundary-2.0.0.tgz",
      "integrity": "sha512-rJKn5ooC9u8q13IMCrW0RSp31pxBCHE3y9V/tp3TdWSLf8Em3p6Di4NBpfzbJge9YjjFEsD0RtFEjtvHL5VyEA==",
      "dev": true,
      "license": "BSD-2-Clause"
    },
    "node_modules/braces": {
      "version": "3.0.3",
      "resolved": "https://registry.npmjs.org/braces/-/braces-3.0.3.tgz",
      "integrity": "sha512-yQbXgO/OSZVD2IsiLlro+7Hf6Q18EJrKSEsdoMzKePKXct3gvD8oLcOQdIzGupr5Fj+EDe8gO/lxc1BzfMpxvA==",
      "dev": true,
      "license": "MIT",
      "dependencies": {
        "fill-range": "^7.1.1"
      },
      "engines": {
        "node": ">=8"
      }
    },
    "node_modules/brorand": {
      "version": "1.1.0",
      "resolved": "https://registry.npmjs.org/brorand/-/brorand-1.1.0.tgz",
      "integrity": "sha512-cKV8tMCEpQs4hK/ik71d6LrPOnpkpGBR0wzxqr68g2m/LB2GxVYQroAjMJZRVM1Y4BCjCKc3vAamxSzOY2RP+w==",
      "dev": true,
      "license": "MIT"
    },
    "node_modules/debug": {
      "version": "4.4.3",
      "resolved": "https://registry.npmjs.org/debug/-/debug-4.4.3.tgz",
      "integrity": "sha512-RGwwWnwQvkVfavKVt22FGLw+xYSdzARwm0ru6DhTVA3umU5hZc28V3kO4stgYryrTlLpuvgI9GiijltAjNbcqA==",
      "dev": true,
      "license": "MIT",
      "dependencies": {
        "ms": "^2.1.3"
      },
      "engines": {
        "node": ">=6.0"
      },
      "peerDependenciesMeta": {
        "supports-color": {
          "optional": true
        }
      }
    },
    "node_modules/editions": {
      "version": "6.22.0",
      "resolved": "https://registry.npmjs.org/editions/-/editions-6.22.0.tgz",
      "integrity": "sha512-UgGlf8IW75je7HZjNDpJdCv4cGJWIi6yumFdZ0R7A8/CIhQiWUjyGLCxdHpd8bmyD1gnkfUNK0oeOXqUS2cpfQ==",
      "dev": true,
      "license": "Artistic-2.0",
      "dependencies": {
        "version-range": "^4.15.0"
      },
      "engines": {
        "ecmascript": ">= es5",
        "node": ">=4"
      },
      "funding": {
        "url": "https://bevry.me/fund"
      }
    },
    "node_modules/elliptic": {
      "version": "6.6.1",
      "resolved": "https://registry.npmjs.org/elliptic/-/elliptic-6.6.1.tgz",
      "integrity": "sha512-RaddvvMatK2LJHqFJ+YA4WysVN5Ita9E35botqIYspQ4TkRAlCicdzKOjlyv/1Za5RyTNn7di//eEV0uTAfe3g==",
      "dev": true,
      "license": "MIT",
      "dependencies": {
        "bn.js": "^4.11.9",
        "brorand": "^1.1.0",
        "hash.js": "^1.0.0",
        "hmac-drbg": "^1.0.1",
        "inherits": "^2.0.4",
        "minimalistic-assert": "^1.0.1",
        "minimalistic-crypto-utils": "^1.0.1"
      }
    },
    "node_modules/elliptic/node_modules/bn.js": {
      "version": "4.12.2",
      "resolved": "https://registry.npmjs.org/bn.js/-/bn.js-4.12.2.tgz",
      "integrity": "sha512-n4DSx829VRTRByMRGdjQ9iqsN0Bh4OolPsFnaZBLcbi8iXcB+kJ9s7EnRt4wILZNV3kPLHkRVfOc/HvhC3ovDw==",
      "dev": true,
      "license": "MIT"
    },
    "node_modules/escape-string-regexp": {
      "version": "5.0.0",
      "resolved": "https://registry.npmjs.org/escape-string-regexp/-/escape-string-regexp-5.0.0.tgz",
      "integrity": "sha512-/veY75JbMK4j1yjvuUxuVsiS/hr/4iHs9FTT6cgTexxdE0Ly/glccBAkloH/DofkjRbZU3bnoj38mOmhkZ0lHw==",
      "dev": true,
      "license": "MIT",
      "engines": {
        "node": ">=12"
      },
      "funding": {
        "url": "https://github.com/sponsors/sindresorhus"
      }
    },
    "node_modules/fast-deep-equal": {
      "version": "3.1.3",
      "resolved": "https://registry.npmjs.org/fast-deep-equal/-/fast-deep-equal-3.1.3.tgz",
      "integrity": "sha512-f3qQ9oQy9j2AhBe/H9VC91wLmKBCCU/gDOnKNAYG5hswO7BLKj09Hc5HYNz9cGI++xlpDCIgDaitVs03ATR84Q==",
      "dev": true,
      "license": "MIT"
    },
    "node_modules/fast-uri": {
      "version": "3.1.0",
      "resolved": "https://registry.npmjs.org/fast-uri/-/fast-uri-3.1.0.tgz",
      "integrity": "sha512-iPeeDKJSWf4IEOasVVrknXpaBV0IApz/gp7S2bb7Z4Lljbl2MGJRqInZiUrQwV16cpzw/D3S5j5Julj/gT52AA==",
      "dev": true,
      "funding": [
        {
          "type": "github",
          "url": "https://github.com/sponsors/fastify"
        },
        {
          "type": "opencollective",
          "url": "https://opencollective.com/fastify"
        }
      ],
      "license": "BSD-3-Clause"
    },
    "node_modules/fill-range": {
      "version": "7.1.1",
      "resolved": "https://registry.npmjs.org/fill-range/-/fill-range-7.1.1.tgz",
      "integrity": "sha512-YsGpe3WHLK8ZYi4tWDg2Jy3ebRz2rXowDxnld4bkQB00cc/1Zw9AWnC0i9ztDJitivtQvaI9KaLyKrc+hBW0yg==",
      "dev": true,
      "license": "MIT",
      "dependencies": {
        "to-regex-range": "^5.0.1"
      },
      "engines": {
        "node": ">=8"
      }
    },
    "node_modules/hash.js": {
      "version": "1.1.7",
      "resolved": "https://registry.npmjs.org/hash.js/-/hash.js-1.1.7.tgz",
      "integrity": "sha512-taOaskGt4z4SOANNseOviYDvjEJinIkRgmp7LbKP2YTTmVxWBl87s/uzK9r+44BclBSp2X7K1hqeNfz9JbBeXA==",
      "dev": true,
      "license": "MIT",
      "dependencies": {
        "inherits": "^2.0.3",
        "minimalistic-assert": "^1.0.1"
      }
    },
    "node_modules/hmac-drbg": {
      "version": "1.0.1",
      "resolved": "https://registry.npmjs.org/hmac-drbg/-/hmac-drbg-1.0.1.tgz",
      "integrity": "sha512-Tti3gMqLdZfhOQY1Mzf/AanLiqh1WTiJgEj26ZuYQ9fbkLomzGchCws4FyrSd4VkpBfiNhaE1On+lOz894jvXg==",
      "dev": true,
      "license": "MIT",
      "dependencies": {
        "hash.js": "^1.0.3",
        "minimalistic-assert": "^1.0.0",
        "minimalistic-crypto-utils": "^1.0.1"
      }
    },
    "node_modules/inherits": {
      "version": "2.0.4",
      "resolved": "https://registry.npmjs.org/inherits/-/inherits-2.0.4.tgz",
      "integrity": "sha512-k/vGaX4/Yla3WzyMCvTQOXYeIHvqOKtnqBduzTHpzpQZzAskKMhZ2K+EnBiSM9zGSoIFeMpXKxa4dYeZIQqewQ==",
      "dev": true,
      "license": "ISC"
    },
    "node_modules/is-number": {
      "version": "7.0.0",
      "resolved": "https://registry.npmjs.org/is-number/-/is-number-7.0.0.tgz",
      "integrity": "sha512-41Cifkg6e8TylSpdtTpeLVMqvSBEVzTttHvERD741+pnZ8ANv0004MRL43QKPDlK9cGvNp6NZWZUBlbGXYxxng==",
      "dev": true,
      "license": "MIT",
      "engines": {
        "node": ">=0.12.0"
      }
    },
    "node_modules/istextorbinary": {
      "version": "9.5.0",
      "resolved": "https://registry.npmjs.org/istextorbinary/-/istextorbinary-9.5.0.tgz",
      "integrity": "sha512-5mbUj3SiZXCuRf9fT3ibzbSSEWiy63gFfksmGfdOzujPjW3k+z8WvIBxcJHBoQNlaZaiyB25deviif2+osLmLw==",
      "dev": true,
      "license": "Artistic-2.0",
      "dependencies": {
        "binaryextensions": "^6.11.0",
        "editions": "^6.21.0",
        "textextensions": "^6.11.0"
      },
      "engines": {
        "node": ">=4"
      },
      "funding": {
        "url": "https://bevry.me/fund"
      }
    },
    "node_modules/js-yaml": {
      "version": "4.1.1",
      "resolved": "https://registry.npmjs.org/js-yaml/-/js-yaml-4.1.1.tgz",
      "integrity": "sha512-qQKT4zQxXl8lLwBtHMWwaTcGfFOZviOJet3Oy/xmGk2gZH677CJM9EvtfdSkgWcATZhj/55JZ0rmy3myCT5lsA==",
      "dev": true,
      "license": "MIT",
      "dependencies": {
        "argparse": "^2.0.1"
      },
      "bin": {
        "js-yaml": "bin/js-yaml.js"
      }
    },
    "node_modules/json-schema-traverse": {
      "version": "1.0.0",
      "resolved": "https://registry.npmjs.org/json-schema-traverse/-/json-schema-traverse-1.0.0.tgz",
      "integrity": "sha512-NM8/P9n3XjXhIZn1lLhkFaACTOURQXjWhV4BA/RnOv8xvgqtqpAX9IO4mRQxSx1Rlo4tqzeqb0sOlruaOy3dug==",
      "dev": true,
      "license": "MIT"
    },
    "node_modules/json5": {
      "version": "2.2.3",
      "resolved": "https://registry.npmjs.org/json5/-/json5-2.2.3.tgz",
      "integrity": "sha512-XmOWe7eyHYH14cLdVPoyg+GOH3rYX++KpzrylJwSW98t3Nk+U8XOl8FWKOgwtzdb8lXGf6zYwDUzeHMWfxasyg==",
      "dev": true,
      "license": "MIT",
      "bin": {
        "json5": "lib/cli.js"
      },
      "engines": {
        "node": ">=6"
      }
    },
    "node_modules/lodash.sortby": {
      "version": "4.7.0",
      "resolved": "https://registry.npmjs.org/lodash.sortby/-/lodash.sortby-4.7.0.tgz",
      "integrity": "sha512-HDWXG8isMntAyRF5vZ7xKuEvOhT4AhlRt/3czTSjvGUxjYCBVRQY48ViDHyfYz9VIoBkW4TMGQNapx+l3RUwdA==",
      "dev": true,
      "license": "MIT"
    },
    "node_modules/lodash.uniq": {
      "version": "4.5.0",
      "resolved": "https://registry.npmjs.org/lodash.uniq/-/lodash.uniq-4.5.0.tgz",
      "integrity": "sha512-xfBaXQd9ryd9dlSDvnvI0lvxfLJlYAZzXomUYzLKtUeOQvOP5piqAWuGtrhWeqaXK9hhoM/iyJc5AV+XfsX3HQ==",
      "dev": true,
      "license": "MIT"
    },
    "node_modules/lodash.uniqwith": {
      "version": "4.5.0",
      "resolved": "https://registry.npmjs.org/lodash.uniqwith/-/lodash.uniqwith-4.5.0.tgz",
      "integrity": "sha512-7lYL8bLopMoy4CTICbxygAUq6CdRJ36vFc80DucPueUee+d5NBRxz3FdT9Pes/HEx5mPoT9jwnsEJWz1N7uq7Q==",
      "dev": true,
      "license": "MIT"
    },
    "node_modules/micromatch": {
      "version": "4.0.8",
      "resolved": "https://registry.npmjs.org/micromatch/-/micromatch-4.0.8.tgz",
      "integrity": "sha512-PXwfBhYu0hBCPw8Dn0E+WDYb7af3dSLVWKi3HGv84IdF4TyFoC0ysxFd0Goxw7nSv4T/PzEJQxsYsEiFCKo2BA==",
      "dev": true,
      "license": "MIT",
      "dependencies": {
        "braces": "^3.0.3",
        "picomatch": "^2.3.1"
      },
      "engines": {
        "node": ">=8.6"
      }
    },
    "node_modules/minimalistic-assert": {
      "version": "1.0.1",
      "resolved": "https://registry.npmjs.org/minimalistic-assert/-/minimalistic-assert-1.0.1.tgz",
      "integrity": "sha512-UtJcAD4yEaGtjPezWuO9wC4nwUnVH/8/Im3yEHQP4b67cXlD/Qr9hdITCU1xDbSEXg2XKNaP8jsReV7vQd00/A==",
      "dev": true,
      "license": "ISC"
    },
    "node_modules/minimalistic-crypto-utils": {
      "version": "1.0.1",
      "resolved": "https://registry.npmjs.org/minimalistic-crypto-utils/-/minimalistic-crypto-utils-1.0.1.tgz",
      "integrity": "sha512-JIYlbt6g8i5jKfJ3xz7rF0LXmv2TkDxBLUkiBeZ7bAx4GnnNMr8xFpGnOxn6GhTEHx3SjRrZEoU+j04prX1ktg==",
      "dev": true,
      "license": "MIT"
    },
    "node_modules/ms": {
      "version": "2.1.3",
      "resolved": "https://registry.npmjs.org/ms/-/ms-2.1.3.tgz",
      "integrity": "sha512-6FlzubTLZG3J2a/NVCAleEhjzq5oxgHyaCU9yYXvcLsvoVaHJq/s5xXI6/XXP6tz7R9xAOtHnSO/tXtF3WRTlA==",
      "dev": true,
      "license": "MIT"
    },
    "node_modules/node-addon-api": {
      "version": "5.1.0",
      "resolved": "https://registry.npmjs.org/node-addon-api/-/node-addon-api-5.1.0.tgz",
      "integrity": "sha512-eh0GgfEkpnoWDq+VY8OyvYhFEzBk6jIYbRKdIlyTiAXIVJ8PyBaKb0rp7oDtoddbdoHWhq8wwr+XZ81F1rpNdA==",
      "dev": true,
      "license": "MIT"
    },
    "node_modules/node-forge": {
      "version": "1.3.3",
      "resolved": "https://registry.npmjs.org/node-forge/-/node-forge-1.3.3.tgz",
      "integrity": "sha512-rLvcdSyRCyouf6jcOIPe/BgwG/d7hKjzMKOas33/pHEr6gbq18IK9zV7DiPvzsz0oBJPme6qr6H6kGZuI9/DZg==",
      "dev": true,
      "license": "(BSD-3-Clause OR GPL-2.0)",
      "engines": {
        "node": ">= 6.13.0"
      }
    },
    "node_modules/node-gyp-build": {
      "version": "4.8.4",
      "resolved": "https://registry.npmjs.org/node-gyp-build/-/node-gyp-build-4.8.4.tgz",
      "integrity": "sha512-LA4ZjwlnUblHVgq0oBF3Jl/6h/Nvs5fzBLwdEF4nuxnFdsfajde4WfxtJr3CaiH+F6ewcIB/q4jQ4UzPyid+CQ==",
      "dev": true,
      "license": "MIT",
      "bin": {
        "node-gyp-build": "bin.js",
        "node-gyp-build-optional": "optional.js",
        "node-gyp-build-test": "build-test.js"
      }
    },
    "node_modules/picomatch": {
      "version": "2.3.1",
      "resolved": "https://registry.npmjs.org/picomatch/-/picomatch-2.3.1.tgz",
      "integrity": "sha512-JU3teHTNjmE2VCGFzuY8EXzCDVwEqB2a8fsIvwaStHhAWJEeVd1o1QD80CU6+ZdEXXSLbSsuLwJjkCBWqRQUVA==",
      "dev": true,
      "license": "MIT",
      "engines": {
        "node": ">=8.6"
      },
      "funding": {
        "url": "https://github.com/sponsors/jonschlinkert"
      }
    },
    "node_modules/prettier": {
      "version": "3.8.1",
      "resolved": "https://registry.npmjs.org/prettier/-/prettier-3.8.1.tgz",
      "integrity": "sha512-UOnG6LftzbdaHZcKoPFtOcCKztrQ57WkHDeRD9t/PTQtmT0NHSeWWepj6pS0z/N7+08BHFDQVUrfmfMRcZwbMg==",
      "dev": true,
      "license": "MIT",
      "bin": {
        "prettier": "bin/prettier.cjs"
      },
      "engines": {
        "node": ">=14"
      },
      "funding": {
        "url": "https://github.com/prettier/prettier?sponsor=1"
      }
    },
    "node_modules/prettier-plugin-sh": {
      "version": "0.18.0",
      "resolved": "https://registry.npmjs.org/prettier-plugin-sh/-/prettier-plugin-sh-0.18.0.tgz",
      "integrity": "sha512-cW1XL27FOJQ/qGHOW6IHwdCiNWQsAgK+feA8V6+xUTaH0cD3Mh+tFAtBvEEWvuY6hTDzRV943Fzeii+qMOh7nQ==",
      "dev": true,
      "license": "MIT",
      "dependencies": {
        "@reteps/dockerfmt": "^0.3.6",
        "sh-syntax": "^0.5.8"
      },
      "engines": {
        "node": ">=16.0.0"
      },
      "funding": {
        "url": "https://opencollective.com/unts"
      },
      "peerDependencies": {
        "prettier": "^3.6.0"
      }
    },
    "node_modules/rc-config-loader": {
      "version": "4.1.3",
      "resolved": "https://registry.npmjs.org/rc-config-loader/-/rc-config-loader-4.1.3.tgz",
      "integrity": "sha512-kD7FqML7l800i6pS6pvLyIE2ncbk9Du8Q0gp/4hMPhJU6ZxApkoLcGD8ZeqgiAlfwZ6BlETq6qqe+12DUL207w==",
      "dev": true,
      "license": "MIT",
      "dependencies": {
        "debug": "^4.3.4",
        "js-yaml": "^4.1.0",
        "json5": "^2.2.2",
        "require-from-string": "^2.0.2"
      }
    },
    "node_modules/require-from-string": {
      "version": "2.0.2",
      "resolved": "https://registry.npmjs.org/require-from-string/-/require-from-string-2.0.2.tgz",
      "integrity": "sha512-Xf0nWe6RseziFMu+Ap9biiUbmplq6S9/p+7w7YXP/JBHhrUDDUhwa+vANyubuqfZWTveU//DYVGsDG7RKL/vEw==",
      "dev": true,
      "license": "MIT",
      "engines": {
        "node": ">=0.10.0"
      }
    },
    "node_modules/secp256k1": {
      "version": "5.0.1",
      "resolved": "https://registry.npmjs.org/secp256k1/-/secp256k1-5.0.1.tgz",
      "integrity": "sha512-lDFs9AAIaWP9UCdtWrotXWWF9t8PWgQDcxqgAnpM9rMqxb3Oaq2J0thzPVSxBwdJgyQtkU/sYtFtbM1RSt/iYA==",
      "dev": true,
      "hasInstallScript": true,
      "license": "MIT",
      "dependencies": {
        "elliptic": "^6.5.7",
        "node-addon-api": "^5.0.0",
        "node-gyp-build": "^4.2.0"
      },
      "engines": {
        "node": ">=18.0.0"
      }
    },
    "node_modules/sh-syntax": {
      "version": "0.5.8",
      "resolved": "https://registry.npmjs.org/sh-syntax/-/sh-syntax-0.5.8.tgz",
      "integrity": "sha512-JfVoxf4FxQI5qpsPbkHhZo+n6N9YMJobyl4oGEUBb/31oQYlgTjkXQD8PBiafS2UbWoxrTO0Z5PJUBXEPAG1Zw==",
      "dev": true,
      "license": "MIT",
      "dependencies": {
        "tslib": "^2.8.1"
      },
      "engines": {
        "node": ">=16.0.0"
      },
      "funding": {
        "url": "https://opencollective.com/sh-syntax"
      }
    },
    "node_modules/structured-source": {
      "version": "4.0.0",
      "resolved": "https://registry.npmjs.org/structured-source/-/structured-source-4.0.0.tgz",
      "integrity": "sha512-qGzRFNJDjFieQkl/sVOI2dUjHKRyL9dAJi2gCPGJLbJHBIkyOHxjuocpIEfbLioX+qSJpvbYdT49/YCdMznKxA==",
      "dev": true,
      "license": "BSD-2-Clause",
      "dependencies": {
        "boundary": "^2.0.0"
      }
    },
    "node_modules/textextensions": {
      "version": "6.11.0",
      "resolved": "https://registry.npmjs.org/textextensions/-/textextensions-6.11.0.tgz",
      "integrity": "sha512-tXJwSr9355kFJI3lbCkPpUH5cP8/M0GGy2xLO34aZCjMXBaK3SoPnZwr/oWmo1FdCnELcs4npdCIOFtq9W3ruQ==",
      "dev": true,
      "license": "Artistic-2.0",
      "dependencies": {
        "editions": "^6.21.0"
      },
      "engines": {
        "node": ">=4"
      },
      "funding": {
        "url": "https://bevry.me/fund"
      }
    },
    "node_modules/to-regex-range": {
      "version": "5.0.1",
      "resolved": "https://registry.npmjs.org/to-regex-range/-/to-regex-range-5.0.1.tgz",
      "integrity": "sha512-65P7iz6X5yEr1cwcgvQxbbIw7Uk3gOy5dIdtZ4rDveLqhrdJP+Li/Hx6tyK0NEb+2GCyneCMJiGqrADCSNk8sQ==",
      "dev": true,
      "license": "MIT",
      "dependencies": {
        "is-number": "^7.0.0"
      },
      "engines": {
        "node": ">=8.0"
      }
    },
    "node_modules/tslib": {
      "version": "2.8.1",
      "resolved": "https://registry.npmjs.org/tslib/-/tslib-2.8.1.tgz",
      "integrity": "sha512-oJFu94HQb+KVduSUQL7wnpmqnfmLsOA/nAh6b6EH0wCEoK0/mPeXU6c3wKDV83MkOuHPRHtSXKKU99IBazS/2w==",
      "dev": true,
      "license": "0BSD"
    },
    "node_modules/undici-types": {
      "version": "7.16.0",
      "resolved": "https://registry.npmjs.org/undici-types/-/undici-types-7.16.0.tgz",
      "integrity": "sha512-Zz+aZWSj8LE6zoxD+xrjh4VfkIG8Ya6LvYkZqtUQGJPZjYl53ypCaUwWqo7eI0x66KBGeRo+mlBEkMSeSZ38Nw==",
      "dev": true,
      "license": "MIT"
    },
    "node_modules/version-range": {
      "version": "4.15.0",
      "resolved": "https://registry.npmjs.org/version-range/-/version-range-4.15.0.tgz",
      "integrity": "sha512-Ck0EJbAGxHwprkzFO966t4/5QkRuzh+/I1RxhLgUKKwEn+Cd8NwM60mE3AqBZg5gYODoXW0EFsQvbZjRlvdqbg==",
      "dev": true,
      "license": "Artistic-2.0",
      "engines": {
        "node": ">=4"
      },
      "funding": {
        "url": "https://bevry.me/fund"
      }
    }
  }
}
